
Microsoft Visual Studio Solution File, Format Version 12.00
# Visual Studio Version 17
VisualStudioVersion = 17.3.32825.248
MinimumVisualStudioVersion = 10.0.40219.1
Project("{9A19103F-16F7-4668-BE54-9A1E7A4F7556}") = "Bakim", "Bakim\Bakim.csproj", "{2A2BEEAE-0107-4E94-94F3-2A444077EB45}"
EndProject
Project("{FAE04EC0-301F-11D3-BF4B-00C04F79EFBC}") = "Bakim.Entity", "Bakim.Entity\Bakim.Entity.csproj", "{E2D5ECC3-34A2-4E73-B3AB-801F7B1593D1}"
EndProject
Project("{FAE04EC0-301F-11D3-BF4B-00C04F79EFBC}") = "Bakim.Core", "Bakim.Core\Bakim.Core.csproj", "{BBB4AFF4-3986-4420-888B-202F8C7C7459}"
EndProject
Project("{FAE04EC0-301F-11D3-BF4B-00C04F79EFBC}") = "Bakim.Dataaccess", "Bakim.Dataaccess\Bakim.Dataaccess.csproj", "{FE651B3F-30CD-4095-ADFA-FC55E63155DC}"
EndProject
Project("{FAE04EC0-301F-11D3-BF4B-00C04F79EFBC}") = "Bakim.Business", "Bakim.Business\Bakim.Business.csproj", "{B59AD4E2-0FB1-4476-BF3B-AE94D5AD5E53}"
EndProject
Project("{2150E333-8FDC-42A3-9474-1A3956D46DE8}") = "DevExtreme NuGet.config", "DevExtreme NuGet.config", "{879F426A-2DFF-4D42-9B78-3C3C3CCB7F71}"
	ProjectSection(SolutionItems) = preProject
		NuGet.config = NuGet.config
	EndProjectSection
EndProject
Global
	GlobalSection(SolutionConfigurationPlatforms) = preSolution
		Debug|Any CPU = Debug|Any CPU
		Release|Any CPU = Release|Any CPU
	EndGlobalSection
	GlobalSection(ProjectConfigurationPlatforms) = postSolution
		{2A2BEEAE-0107-4E94-94F3-2A444077EB45}.Debug|Any CPU.ActiveCfg = Debug|Any CPU
		{2A2BEEAE-0107-4E94-94F3-2A444077EB45}.Debug|Any CPU.Build.0 = Debug|Any CPU
		{2A2BEEAE-0107-4E94-94F3-2A444077EB45}.Release|Any CPU.ActiveCfg = Release|Any CPU
		{2A2BEEAE-0107-4E94-94F3-2A444077EB45}.Release|Any CPU.Build.0 = Release|Any CPU
		{E2D5ECC3-34A2-4E73-B3AB-801F7B1593D1}.Debug|Any CPU.ActiveCfg = Debug|Any CPU
		{E2D5ECC3-34A2-4E73-B3AB-801F7B1593D1}.Debug|Any CPU.Build.0 = Debug|Any CPU
		{E2D5ECC3-34A2-4E73-B3AB-801F7B1593D1}.Release|Any CPU.ActiveCfg = Release|Any CPU
		{E2D5ECC3-34A2-4E73-B3AB-801F7B1593D1}.Release|Any CPU.Build.0 = Release|Any CPU
		{BBB4AFF4-3986-4420-888B-202F8C7C7459}.Debug|Any CPU.ActiveCfg = Debug|Any CPU
		{BBB4AFF4-3986-4420-888B-202F8C7C7459}.Debug|Any CPU.Build.0 = Debug|Any CPU
		{BBB4AFF4-3986-4420-888B-202F8C7C7459}.Release|Any CPU.ActiveCfg = Release|Any CPU
		{BBB4AFF4-3986-4420-888B-202F8C7C7459}.Release|Any CPU.Build.0 = Release|Any CPU
		{FE651B3F-30CD-4095-ADFA-FC55E63155DC}.Debug|Any CPU.ActiveCfg = Debug|Any CPU
		{FE651B3F-30CD-4095-ADFA-FC55E63155DC}.Debug|Any CPU.Build.0 = Debug|Any CPU
		{FE651B3F-30CD-4095-ADFA-FC55E63155DC}.Release|Any CPU.ActiveCfg = Release|Any CPU
		{FE651B3F-30CD-4095-ADFA-FC55E63155DC}.Release|Any CPU.Build.0 = Release|Any CPU
		{B59AD4E2-0FB1-4476-BF3B-AE94D5AD5E53}.Debug|Any CPU.ActiveCfg = Debug|Any CPU
		{B59AD4E2-0FB1-4476-BF3B-AE94D5AD5E53}.Debug|Any CPU.Build.0 = Debug|Any CPU
		{B59AD4E2-0FB1-4476-BF3B-AE94D5AD5E53}.Release|Any CPU.ActiveCfg = Release|Any CPU
		{B59AD4E2-0FB1-4476-BF3B-AE94D5AD5E53}.Release|Any CPU.Build.0 = Release|Any CPU
	EndGlobalSection
	GlobalSection(SolutionProperties) = preSolution
		HideSolutionNode = FALSE
	EndGlobalSection
	GlobalSection(ExtensibilityGlobals) = postSolution
		SolutionGuid = {D7E5442B-6BF8-40B7-8640-BF4746BC3390}
	EndGlobalSection
EndGlobal
